
Microsoft Visual Studio Solution File, Format Version 12.00
# Visual Studio Version 17
VisualStudioVersion = 17.5.33516.290
MinimumVisualStudioVersion = 10.0.40219.1
Project("{FAE04EC0-301F-11D3-BF4B-00C04F79EFBC}") = "Foro", "Foro.csproj", "{03EEF667-6327-4A3B-B35D-EC22F5C3A02B}"
EndProject
Global
	GlobalSection(SolutionConfigurationPlatforms) = preSolution
		Debug|Any CPU = Debug|Any CPU
		Release|Any CPU = Release|Any CPU
	EndGlobalSection
	GlobalSection(ProjectConfigurationPlatforms) = postSolution
		{03EEF667-6327-4A3B-B35D-EC22F5C3A02B}.Debug|Any CPU.ActiveCfg = Debug|Any CPU
		{03EEF667-6327-4A3B-B35D-EC22F5C3A02B}.Debug|Any CPU.Build.0 = Debug|Any CPU
		{03EEF667-6327-4A3B-B35D-EC22F5C3A02B}.Release|Any CPU.ActiveCfg = Release|Any CPU
		{03EEF667-6327-4A3B-B35D-EC22F5C3A02B}.Release|Any CPU.Build.0 = Release|Any CPU
	EndGlobalSection
	GlobalSection(SolutionProperties) = preSolution
		HideSolutionNode = FALSE
	EndGlobalSection
	GlobalSection(ExtensibilityGlobals) = postSolution
		SolutionGuid = {6F30514B-6EDE-4B38-B94A-90D804811FA1}
	EndGlobalSection
EndGlobal
